
Microsoft Visual Studio Solution File, Format Version 12.00
Project("{FAE04EC0-301F-11D3-BF4B-00C04F79EFBC}") = "YTT_6_2", "YTT_6_2\YTT_6_2.csproj", "{C60B16BA-BADC-43B4-9C16-08E6C24F3EAE}"
EndProject
Global
	GlobalSection(SolutionConfigurationPlatforms) = preSolution
		Debug|Any CPU = Debug|Any CPU
		Release|Any CPU = Release|Any CPU
	EndGlobalSection
	GlobalSection(ProjectConfigurationPlatforms) = postSolution
		{C60B16BA-BADC-43B4-9C16-08E6C24F3EAE}.Debug|Any CPU.ActiveCfg = Debug|Any CPU
		{C60B16BA-BADC-43B4-9C16-08E6C24F3EAE}.Debug|Any CPU.Build.0 = Debug|Any CPU
		{C60B16BA-BADC-43B4-9C16-08E6C24F3EAE}.Release|Any CPU.ActiveCfg = Release|Any CPU
		{C60B16BA-BADC-43B4-9C16-08E6C24F3EAE}.Release|Any CPU.Build.0 = Release|Any CPU
	EndGlobalSection
EndGlobal
